
Microsoft Visual Studio Solution File, Format Version 12.00
# Visual Studio Version 17
VisualStudioVersion = 17.0.31903.59
MinimumVisualStudioVersion = 10.0.40219.1
Project("{2150E333-8FDC-42A3-9474-1A3956D46DE8}") = "src", "src", "{827E0CD3-B72D-47B6-A68D-7590B98EB39B}"
EndProject
Project("{2150E333-8FDC-42A3-9474-1A3956D46DE8}") = "Solution Items", "Solution Items", "{8EC462FD-D22E-90A8-E5CE-7E832BA40C5D}"
	ProjectSection(SolutionItems) = preProject
		.editorconfig = .editorconfig
		.gitignore = .gitignore
		Build-Clean.ps1 = Build-Clean.ps1
		Directory.Build.props = Directory.Build.props
		docker-compose.yml = docker-compose.yml
		dockerfile = dockerfile
		README.md = README.md
	EndProjectSection
EndProject
Project("{2150E333-8FDC-42A3-9474-1A3956D46DE8}") = "Libraries", "Libraries", "{02EA681E-C7D8-13C7-8484-4AC65E1B71E8}"
EndProject
Project("{FAE04EC0-301F-11D3-BF4B-00C04F79EFBC}") = "Library.Domain", "Library.Domain\Library.Domain.csproj", "{57900AD3-B791-4DDF-9E26-D6BD74FD3500}"
EndProject
Project("{FAE04EC0-301F-11D3-BF4B-00C04F79EFBC}") = "Library.Persistence", "Library.Persistence\Library.Persistence.csproj", "{67FDFED1-373A-4246-B326-F812C29B477E}"
EndProject
Project("{FAE04EC0-301F-11D3-BF4B-00C04F79EFBC}") = "Library.Extensions", "Library.Extensions\Library.Extensions.csproj", "{86366A4B-7985-4871-BD3A-E1B6D7F02722}"
EndProject
Project("{FAE04EC0-301F-11D3-BF4B-00C04F79EFBC}") = "Library.Identifiers", "Library.Identifiers\Library.Identifiers.csproj", "{4C552A05-13ED-4BF7-A388-61E342275C71}"
EndProject
Project("{FAE04EC0-301F-11D3-BF4B-00C04F79EFBC}") = "Meteo.Api", "Meteo.Api\Meteo.Api.csproj", "{220ACFB8-2A67-FE7C-B7DE-246D746B8C93}"
EndProject
Project("{FAE04EC0-301F-11D3-BF4B-00C04F79EFBC}") = "Meteo.Application", "Meteo.Application\Meteo.Application.csproj", "{0702B99C-7BDC-B71F-0498-3E770C42EA6A}"
EndProject
Project("{FAE04EC0-301F-11D3-BF4B-00C04F79EFBC}") = "Meteo.Domain", "Meteo.Domain\Meteo.Domain.csproj", "{3C38128B-E195-4B2D-C481-27AE5D735A37}"
EndProject
Project("{FAE04EC0-301F-11D3-BF4B-00C04F79EFBC}") = "Meteo.Infrastructure", "Meteo.Infrastructure\Meteo.Infrastructure.csproj", "{093632CA-1EAD-E024-E826-A0ACA86B3BC6}"
EndProject
Project("{2150E333-8FDC-42A3-9474-1A3956D46DE8}") = "Meteo", "Meteo", "{C5BAF309-818A-4059-BAFB-355BE1B3D4FA}"
EndProject
Project("{FAE04EC0-301F-11D3-BF4B-00C04F79EFBC}") = "Meteo.Persistence.PostgreSql", "Meteo.Persistence.PostgreSql\Meteo.Persistence.PostgreSql.csproj", "{C96AC78A-1D78-4642-9F3A-E7EAC3898AD1}"
EndProject
Project("{FAE04EC0-301F-11D3-BF4B-00C04F79EFBC}") = "Meteo.Persistence.Json", "Meteo.Persistence.Json\Meteo.Persistence.Json.csproj", "{B8C16297-371E-4E8C-8B85-88A357F46D64}"
EndProject
Project("{FAE04EC0-301F-11D3-BF4B-00C04F79EFBC}") = "Library.Buses", "Library.Buses\Library.Buses.csproj", "{BA5FD51B-FB72-4851-834A-5CC43AEE2976}"
EndProject
Project("{FAE04EC0-301F-11D3-BF4B-00C04F79EFBC}") = "Library.Buses.Abstractions", "Library.Buses.Abstractions\Library.Buses.Abstractions.csproj", "{F4CFDEC2-E872-44FD-887C-C739A413FA2B}"
EndProject
Project("{FAE04EC0-301F-11D3-BF4B-00C04F79EFBC}") = "Library.Extensions.Hosting", "Library.Extensions.Hosting\Library.Extensions.Hosting.csproj", "{D4F67C3B-DB4B-4FE9-BE16-0BA6F2E373A6}"
EndProject
Project("{FAE04EC0-301F-11D3-BF4B-00C04F79EFBC}") = "Library.Application", "Library.Application\Library.Application.csproj", "{49870A0F-E05B-4B4F-9780-6A67A8B5FE2C}"
EndProject
Project("{FAE04EC0-301F-11D3-BF4B-00C04F79EFBC}") = "Meteo.IntegrationTests", "Meteo.IntegrationTests\Meteo.IntegrationTests.csproj", "{CA9007F6-7114-463A-8E9D-A41ED413F34E}"
EndProject
Global
	GlobalSection(SolutionConfigurationPlatforms) = preSolution
		Debug|Any CPU = Debug|Any CPU
		Debug|x64 = Debug|x64
		Debug|x86 = Debug|x86
		Release|Any CPU = Release|Any CPU
		Release|x64 = Release|x64
		Release|x86 = Release|x86
	EndGlobalSection
	GlobalSection(ProjectConfigurationPlatforms) = postSolution
		{57900AD3-B791-4DDF-9E26-D6BD74FD3500}.Debug|Any CPU.ActiveCfg = Debug|Any CPU
		{57900AD3-B791-4DDF-9E26-D6BD74FD3500}.Debug|Any CPU.Build.0 = Debug|Any CPU
		{57900AD3-B791-4DDF-9E26-D6BD74FD3500}.Debug|x64.ActiveCfg = Debug|Any CPU
		{57900AD3-B791-4DDF-9E26-D6BD74FD3500}.Debug|x64.Build.0 = Debug|Any CPU
		{57900AD3-B791-4DDF-9E26-D6BD74FD3500}.Debug|x86.ActiveCfg = Debug|Any CPU
		{57900AD3-B791-4DDF-9E26-D6BD74FD3500}.Debug|x86.Build.0 = Debug|Any CPU
		{57900AD3-B791-4DDF-9E26-D6BD74FD3500}.Release|Any CPU.ActiveCfg = Release|Any CPU
		{57900AD3-B791-4DDF-9E26-D6BD74FD3500}.Release|Any CPU.Build.0 = Release|Any CPU
		{57900AD3-B791-4DDF-9E26-D6BD74FD3500}.Release|x64.ActiveCfg = Release|Any CPU
		{57900AD3-B791-4DDF-9E26-D6BD74FD3500}.Release|x64.Build.0 = Release|Any CPU
		{57900AD3-B791-4DDF-9E26-D6BD74FD3500}.Release|x86.ActiveCfg = Release|Any CPU
		{57900AD3-B791-4DDF-9E26-D6BD74FD3500}.Release|x86.Build.0 = Release|Any CPU
		{67FDFED1-373A-4246-B326-F812C29B477E}.Debug|Any CPU.ActiveCfg = Debug|Any CPU
		{67FDFED1-373A-4246-B326-F812C29B477E}.Debug|Any CPU.Build.0 = Debug|Any CPU
		{67FDFED1-373A-4246-B326-F812C29B477E}.Debug|x64.ActiveCfg = Debug|Any CPU
		{67FDFED1-373A-4246-B326-F812C29B477E}.Debug|x64.Build.0 = Debug|Any CPU
		{67FDFED1-373A-4246-B326-F812C29B477E}.Debug|x86.ActiveCfg = Debug|Any CPU
		{67FDFED1-373A-4246-B326-F812C29B477E}.Debug|x86.Build.0 = Debug|Any CPU
		{67FDFED1-373A-4246-B326-F812C29B477E}.Release|Any CPU.ActiveCfg = Release|Any CPU
		{67FDFED1-373A-4246-B326-F812C29B477E}.Release|Any CPU.Build.0 = Release|Any CPU
		{67FDFED1-373A-4246-B326-F812C29B477E}.Release|x64.ActiveCfg = Release|Any CPU
		{67FDFED1-373A-4246-B326-F812C29B477E}.Release|x64.Build.0 = Release|Any CPU
		{67FDFED1-373A-4246-B326-F812C29B477E}.Release|x86.ActiveCfg = Release|Any CPU
		{67FDFED1-373A-4246-B326-F812C29B477E}.Release|x86.Build.0 = Release|Any CPU
		{86366A4B-7985-4871-BD3A-E1B6D7F02722}.Debug|Any CPU.ActiveCfg = Debug|Any CPU
		{86366A4B-7985-4871-BD3A-E1B6D7F02722}.Debug|Any CPU.Build.0 = Debug|Any CPU
		{86366A4B-7985-4871-BD3A-E1B6D7F02722}.Debug|x64.ActiveCfg = Debug|Any CPU
		{86366A4B-7985-4871-BD3A-E1B6D7F02722}.Debug|x64.Build.0 = Debug|Any CPU
		{86366A4B-7985-4871-BD3A-E1B6D7F02722}.Debug|x86.ActiveCfg = Debug|Any CPU
		{86366A4B-7985-4871-BD3A-E1B6D7F02722}.Debug|x86.Build.0 = Debug|Any CPU
		{86366A4B-7985-4871-BD3A-E1B6D7F02722}.Release|Any CPU.ActiveCfg = Release|Any CPU
		{86366A4B-7985-4871-BD3A-E1B6D7F02722}.Release|Any CPU.Build.0 = Release|Any CPU
		{86366A4B-7985-4871-BD3A-E1B6D7F02722}.Release|x64.ActiveCfg = Release|Any CPU
		{86366A4B-7985-4871-BD3A-E1B6D7F02722}.Release|x64.Build.0 = Release|Any CPU
		{86366A4B-7985-4871-BD3A-E1B6D7F02722}.Release|x86.ActiveCfg = Release|Any CPU
		{86366A4B-7985-4871-BD3A-E1B6D7F02722}.Release|x86.Build.0 = Release|Any CPU
		{4C552A05-13ED-4BF7-A388-61E342275C71}.Debug|Any CPU.ActiveCfg = Debug|Any CPU
		{4C552A05-13ED-4BF7-A388-61E342275C71}.Debug|Any CPU.Build.0 = Debug|Any CPU
		{4C552A05-13ED-4BF7-A388-61E342275C71}.Debug|x64.ActiveCfg = Debug|x64
		{4C552A05-13ED-4BF7-A388-61E342275C71}.Debug|x64.Build.0 = Debug|x64
		{4C552A05-13ED-4BF7-A388-61E342275C71}.Debug|x86.ActiveCfg = Debug|x86
		{4C552A05-13ED-4BF7-A388-61E342275C71}.Debug|x86.Build.0 = Debug|x86
		{4C552A05-13ED-4BF7-A388-61E342275C71}.Release|Any CPU.ActiveCfg = Release|Any CPU
		{4C552A05-13ED-4BF7-A388-61E342275C71}.Release|Any CPU.Build.0 = Release|Any CPU
		{4C552A05-13ED-4BF7-A388-61E342275C71}.Release|x64.ActiveCfg = Release|x64
		{4C552A05-13ED-4BF7-A388-61E342275C71}.Release|x64.Build.0 = Release|x64
		{4C552A05-13ED-4BF7-A388-61E342275C71}.Release|x86.ActiveCfg = Release|x86
		{4C552A05-13ED-4BF7-A388-61E342275C71}.Release|x86.Build.0 = Release|x86
		{220ACFB8-2A67-FE7C-B7DE-246D746B8C93}.Debug|Any CPU.ActiveCfg = Debug|Any CPU
		{220ACFB8-2A67-FE7C-B7DE-246D746B8C93}.Debug|Any CPU.Build.0 = Debug|Any CPU
		{220ACFB8-2A67-FE7C-B7DE-246D746B8C93}.Debug|x64.ActiveCfg = Debug|x64
		{220ACFB8-2A67-FE7C-B7DE-246D746B8C93}.Debug|x64.Build.0 = Debug|x64
		{220ACFB8-2A67-FE7C-B7DE-246D746B8C93}.Debug|x86.ActiveCfg = Debug|x86
		{220ACFB8-2A67-FE7C-B7DE-246D746B8C93}.Debug|x86.Build.0 = Debug|x86
		{220ACFB8-2A67-FE7C-B7DE-246D746B8C93}.Release|Any CPU.ActiveCfg = Release|Any CPU
		{220ACFB8-2A67-FE7C-B7DE-246D746B8C93}.Release|Any CPU.Build.0 = Release|Any CPU
		{220ACFB8-2A67-FE7C-B7DE-246D746B8C93}.Release|x64.ActiveCfg = Release|x64
		{220ACFB8-2A67-FE7C-B7DE-246D746B8C93}.Release|x64.Build.0 = Release|x64
		{220ACFB8-2A67-FE7C-B7DE-246D746B8C93}.Release|x86.ActiveCfg = Release|x86
		{220ACFB8-2A67-FE7C-B7DE-246D746B8C93}.Release|x86.Build.0 = Release|x86
		{0702B99C-7BDC-B71F-0498-3E770C42EA6A}.Debug|Any CPU.ActiveCfg = Debug|Any CPU
		{0702B99C-7BDC-B71F-0498-3E770C42EA6A}.Debug|Any CPU.Build.0 = Debug|Any CPU
		{0702B99C-7BDC-B71F-0498-3E770C42EA6A}.Debug|x64.ActiveCfg = Debug|x64
		{0702B99C-7BDC-B71F-0498-3E770C42EA6A}.Debug|x64.Build.0 = Debug|x64
		{0702B99C-7BDC-B71F-0498-3E770C42EA6A}.Debug|x86.ActiveCfg = Debug|x86
		{0702B99C-7BDC-B71F-0498-3E770C42EA6A}.Debug|x86.Build.0 = Debug|x86
		{0702B99C-7BDC-B71F-0498-3E770C42EA6A}.Release|Any CPU.ActiveCfg = Release|Any CPU
		{0702B99C-7BDC-B71F-0498-3E770C42EA6A}.Release|Any CPU.Build.0 = Release|Any CPU
		{0702B99C-7BDC-B71F-0498-3E770C42EA6A}.Release|x64.ActiveCfg = Release|x64
		{0702B99C-7BDC-B71F-0498-3E770C42EA6A}.Release|x64.Build.0 = Release|x64
		{0702B99C-7BDC-B71F-0498-3E770C42EA6A}.Release|x86.ActiveCfg = Release|x86
		{0702B99C-7BDC-B71F-0498-3E770C42EA6A}.Release|x86.Build.0 = Release|x86
		{3C38128B-E195-4B2D-C481-27AE5D735A37}.Debug|Any CPU.ActiveCfg = Debug|Any CPU
		{3C38128B-E195-4B2D-C481-27AE5D735A37}.Debug|Any CPU.Build.0 = Debug|Any CPU
		{3C38128B-E195-4B2D-C481-27AE5D735A37}.Debug|x64.ActiveCfg = Debug|x64
		{3C38128B-E195-4B2D-C481-27AE5D735A37}.Debug|x64.Build.0 = Debug|x64
		{3C38128B-E195-4B2D-C481-27AE5D735A37}.Debug|x86.ActiveCfg = Debug|x86
		{3C38128B-E195-4B2D-C481-27AE5D735A37}.Debug|x86.Build.0 = Debug|x86
		{3C38128B-E195-4B2D-C481-27AE5D735A37}.Release|Any CPU.ActiveCfg = Release|Any CPU
		{3C38128B-E195-4B2D-C481-27AE5D735A37}.Release|Any CPU.Build.0 = Release|Any CPU
		{3C38128B-E195-4B2D-C481-27AE5D735A37}.Release|x64.ActiveCfg = Release|x64
		{3C38128B-E195-4B2D-C481-27AE5D735A37}.Release|x64.Build.0 = Release|x64
		{3C38128B-E195-4B2D-C481-27AE5D735A37}.Release|x86.ActiveCfg = Release|x86
		{3C38128B-E195-4B2D-C481-27AE5D735A37}.Release|x86.Build.0 = Release|x86
		{093632CA-1EAD-E024-E826-A0ACA86B3BC6}.Debug|Any CPU.ActiveCfg = Debug|Any CPU
		{093632CA-1EAD-E024-E826-A0ACA86B3BC6}.Debug|Any CPU.Build.0 = Debug|Any CPU
		{093632CA-1EAD-E024-E826-A0ACA86B3BC6}.Debug|x64.ActiveCfg = Debug|x64
		{093632CA-1EAD-E024-E826-A0ACA86B3BC6}.Debug|x64.Build.0 = Debug|x64
		{093632CA-1EAD-E024-E826-A0ACA86B3BC6}.Debug|x86.ActiveCfg = Debug|x86
		{093632CA-1EAD-E024-E826-A0ACA86B3BC6}.Debug|x86.Build.0 = Debug|x86
		{093632CA-1EAD-E024-E826-A0ACA86B3BC6}.Release|Any CPU.ActiveCfg = Release|Any CPU
		{093632CA-1EAD-E024-E826-A0ACA86B3BC6}.Release|Any CPU.Build.0 = Release|Any CPU
		{093632CA-1EAD-E024-E826-A0ACA86B3BC6}.Release|x64.ActiveCfg = Release|x64
		{093632CA-1EAD-E024-E826-A0ACA86B3BC6}.Release|x64.Build.0 = Release|x64
		{093632CA-1EAD-E024-E826-A0ACA86B3BC6}.Release|x86.ActiveCfg = Release|x86
		{093632CA-1EAD-E024-E826-A0ACA86B3BC6}.Release|x86.Build.0 = Release|x86
		{C96AC78A-1D78-4642-9F3A-E7EAC3898AD1}.Debug|Any CPU.ActiveCfg = Debug|Any CPU
		{C96AC78A-1D78-4642-9F3A-E7EAC3898AD1}.Debug|Any CPU.Build.0 = Debug|Any CPU
		{C96AC78A-1D78-4642-9F3A-E7EAC3898AD1}.Debug|x64.ActiveCfg = Debug|x64
		{C96AC78A-1D78-4642-9F3A-E7EAC3898AD1}.Debug|x64.Build.0 = Debug|x64
		{C96AC78A-1D78-4642-9F3A-E7EAC3898AD1}.Debug|x86.ActiveCfg = Debug|x86
		{C96AC78A-1D78-4642-9F3A-E7EAC3898AD1}.Debug|x86.Build.0 = Debug|x86
		{C96AC78A-1D78-4642-9F3A-E7EAC3898AD1}.Release|Any CPU.ActiveCfg = Release|Any CPU
		{C96AC78A-1D78-4642-9F3A-E7EAC3898AD1}.Release|Any CPU.Build.0 = Release|Any CPU
		{C96AC78A-1D78-4642-9F3A-E7EAC3898AD1}.Release|x64.ActiveCfg = Release|x64
		{C96AC78A-1D78-4642-9F3A-E7EAC3898AD1}.Release|x64.Build.0 = Release|x64
		{C96AC78A-1D78-4642-9F3A-E7EAC3898AD1}.Release|x86.ActiveCfg = Release|x86
		{C96AC78A-1D78-4642-9F3A-E7EAC3898AD1}.Release|x86.Build.0 = Release|x86
		{B8C16297-371E-4E8C-8B85-88A357F46D64}.Debug|Any CPU.ActiveCfg = Debug|Any CPU
		{B8C16297-371E-4E8C-8B85-88A357F46D64}.Debug|Any CPU.Build.0 = Debug|Any CPU
		{B8C16297-371E-4E8C-8B85-88A357F46D64}.Debug|x64.ActiveCfg = Debug|x64
		{B8C16297-371E-4E8C-8B85-88A357F46D64}.Debug|x64.Build.0 = Debug|x64
		{B8C16297-371E-4E8C-8B85-88A357F46D64}.Debug|x86.ActiveCfg = Debug|x86
		{B8C16297-371E-4E8C-8B85-88A357F46D64}.Debug|x86.Build.0 = Debug|x86
		{B8C16297-371E-4E8C-8B85-88A357F46D64}.Release|Any CPU.ActiveCfg = Release|Any CPU
		{B8C16297-371E-4E8C-8B85-88A357F46D64}.Release|Any CPU.Build.0 = Release|Any CPU
		{B8C16297-371E-4E8C-8B85-88A357F46D64}.Release|x64.ActiveCfg = Release|x64
		{B8C16297-371E-4E8C-8B85-88A357F46D64}.Release|x64.Build.0 = Release|x64
		{B8C16297-371E-4E8C-8B85-88A357F46D64}.Release|x86.ActiveCfg = Release|x86
		{B8C16297-371E-4E8C-8B85-88A357F46D64}.Release|x86.Build.0 = Release|x86
		{BA5FD51B-FB72-4851-834A-5CC43AEE2976}.Debug|Any CPU.ActiveCfg = Debug|Any CPU
		{BA5FD51B-FB72-4851-834A-5CC43AEE2976}.Debug|Any CPU.Build.0 = Debug|Any CPU
		{BA5FD51B-FB72-4851-834A-5CC43AEE2976}.Debug|x64.ActiveCfg = Debug|x64
		{BA5FD51B-FB72-4851-834A-5CC43AEE2976}.Debug|x64.Build.0 = Debug|x64
		{BA5FD51B-FB72-4851-834A-5CC43AEE2976}.Debug|x86.ActiveCfg = Debug|x86
		{BA5FD51B-FB72-4851-834A-5CC43AEE2976}.Debug|x86.Build.0 = Debug|x86
		{BA5FD51B-FB72-4851-834A-5CC43AEE2976}.Release|Any CPU.ActiveCfg = Release|Any CPU
		{BA5FD51B-FB72-4851-834A-5CC43AEE2976}.Release|Any CPU.Build.0 = Release|Any CPU
		{BA5FD51B-FB72-4851-834A-5CC43AEE2976}.Release|x64.ActiveCfg = Release|x64
		{BA5FD51B-FB72-4851-834A-5CC43AEE2976}.Release|x64.Build.0 = Release|x64
		{BA5FD51B-FB72-4851-834A-5CC43AEE2976}.Release|x86.ActiveCfg = Release|x86
		{BA5FD51B-FB72-4851-834A-5CC43AEE2976}.Release|x86.Build.0 = Release|x86
		{F4CFDEC2-E872-44FD-887C-C739A413FA2B}.Debug|Any CPU.ActiveCfg = Debug|Any CPU
		{F4CFDEC2-E872-44FD-887C-C739A413FA2B}.Debug|Any CPU.Build.0 = Debug|Any CPU
		{F4CFDEC2-E872-44FD-887C-C739A413FA2B}.Debug|x64.ActiveCfg = Debug|x64
		{F4CFDEC2-E872-44FD-887C-C739A413FA2B}.Debug|x64.Build.0 = Debug|x64
		{F4CFDEC2-E872-44FD-887C-C739A413FA2B}.Debug|x86.ActiveCfg = Debug|x86
		{F4CFDEC2-E872-44FD-887C-C739A413FA2B}.Debug|x86.Build.0 = Debug|x86
		{F4CFDEC2-E872-44FD-887C-C739A413FA2B}.Release|Any CPU.ActiveCfg = Release|Any CPU
		{F4CFDEC2-E872-44FD-887C-C739A413FA2B}.Release|Any CPU.Build.0 = Release|Any CPU
		{F4CFDEC2-E872-44FD-887C-C739A413FA2B}.Release|x64.ActiveCfg = Release|x64
		{F4CFDEC2-E872-44FD-887C-C739A413FA2B}.Release|x64.Build.0 = Release|x64
		{F4CFDEC2-E872-44FD-887C-C739A413FA2B}.Release|x86.ActiveCfg = Release|x86
		{F4CFDEC2-E872-44FD-887C-C739A413FA2B}.Release|x86.Build.0 = Release|x86
		{D4F67C3B-DB4B-4FE9-BE16-0BA6F2E373A6}.Debug|Any CPU.ActiveCfg = Debug|Any CPU
		{D4F67C3B-DB4B-4FE9-BE16-0BA6F2E373A6}.Debug|Any CPU.Build.0 = Debug|Any CPU
		{D4F67C3B-DB4B-4FE9-BE16-0BA6F2E373A6}.Debug|x64.ActiveCfg = Debug|x64
		{D4F67C3B-DB4B-4FE9-BE16-0BA6F2E373A6}.Debug|x64.Build.0 = Debug|x64
		{D4F67C3B-DB4B-4FE9-BE16-0BA6F2E373A6}.Debug|x86.ActiveCfg = Debug|x86
		{D4F67C3B-DB4B-4FE9-BE16-0BA6F2E373A6}.Debug|x86.Build.0 = Debug|x86
		{D4F67C3B-DB4B-4FE9-BE16-0BA6F2E373A6}.Release|Any CPU.ActiveCfg = Release|Any CPU
		{D4F67C3B-DB4B-4FE9-BE16-0BA6F2E373A6}.Release|Any CPU.Build.0 = Release|Any CPU
		{D4F67C3B-DB4B-4FE9-BE16-0BA6F2E373A6}.Release|x64.ActiveCfg = Release|x64
		{D4F67C3B-DB4B-4FE9-BE16-0BA6F2E373A6}.Release|x64.Build.0 = Release|x64
		{D4F67C3B-DB4B-4FE9-BE16-0BA6F2E373A6}.Release|x86.ActiveCfg = Release|x86
		{D4F67C3B-DB4B-4FE9-BE16-0BA6F2E373A6}.Release|x86.Build.0 = Release|x86
		{49870A0F-E05B-4B4F-9780-6A67A8B5FE2C}.Debug|Any CPU.ActiveCfg = Debug|Any CPU
		{49870A0F-E05B-4B4F-9780-6A67A8B5FE2C}.Debug|Any CPU.Build.0 = Debug|Any CPU
		{49870A0F-E05B-4B4F-9780-6A67A8B5FE2C}.Debug|x64.ActiveCfg = Debug|x64
		{49870A0F-E05B-4B4F-9780-6A67A8B5FE2C}.Debug|x64.Build.0 = Debug|x64
		{49870A0F-E05B-4B4F-9780-6A67A8B5FE2C}.Debug|x86.ActiveCfg = Debug|x86
		{49870A0F-E05B-4B4F-9780-6A67A8B5FE2C}.Debug|x86.Build.0 = Debug|x86
		{49870A0F-E05B-4B4F-9780-6A67A8B5FE2C}.Release|Any CPU.ActiveCfg = Release|Any CPU
		{49870A0F-E05B-4B4F-9780-6A67A8B5FE2C}.Release|Any CPU.Build.0 = Release|Any CPU
		{49870A0F-E05B-4B4F-9780-6A67A8B5FE2C}.Release|x64.ActiveCfg = Release|x64
		{49870A0F-E05B-4B4F-9780-6A67A8B5FE2C}.Release|x64.Build.0 = Release|x64
		{49870A0F-E05B-4B4F-9780-6A67A8B5FE2C}.Release|x86.ActiveCfg = Release|x86
		{49870A0F-E05B-4B4F-9780-6A67A8B5FE2C}.Release|x86.Build.0 = Release|x86
		{CA9007F6-7114-463A-8E9D-A41ED413F34E}.Debug|Any CPU.ActiveCfg = Debug|Any CPU
		{CA9007F6-7114-463A-8E9D-A41ED413F34E}.Debug|Any CPU.Build.0 = Debug|Any CPU
		{CA9007F6-7114-463A-8E9D-A41ED413F34E}.Debug|x64.ActiveCfg = Debug|x64
		{CA9007F6-7114-463A-8E9D-A41ED413F34E}.Debug|x64.Build.0 = Debug|x64
		{CA9007F6-7114-463A-8E9D-A41ED413F34E}.Debug|x86.ActiveCfg = Debug|x86
		{CA9007F6-7114-463A-8E9D-A41ED413F34E}.Debug|x86.Build.0 = Debug|x86
		{CA9007F6-7114-463A-8E9D-A41ED413F34E}.Release|Any CPU.ActiveCfg = Release|Any CPU
		{CA9007F6-7114-463A-8E9D-A41ED413F34E}.Release|Any CPU.Build.0 = Release|Any CPU
		{CA9007F6-7114-463A-8E9D-A41ED413F34E}.Release|x64.ActiveCfg = Release|x64
		{CA9007F6-7114-463A-8E9D-A41ED413F34E}.Release|x64.Build.0 = Release|x64
		{CA9007F6-7114-463A-8E9D-A41ED413F34E}.Release|x86.ActiveCfg = Release|x86
		{CA9007F6-7114-463A-8E9D-A41ED413F34E}.Release|x86.Build.0 = Release|x86
	EndGlobalSection
	GlobalSection(SolutionProperties) = preSolution
		HideSolutionNode = FALSE
	EndGlobalSection
	GlobalSection(NestedProjects) = preSolution
		{02EA681E-C7D8-13C7-8484-4AC65E1B71E8} = {827E0CD3-B72D-47B6-A68D-7590B98EB39B}
		{57900AD3-B791-4DDF-9E26-D6BD74FD3500} = {02EA681E-C7D8-13C7-8484-4AC65E1B71E8}
		{67FDFED1-373A-4246-B326-F812C29B477E} = {02EA681E-C7D8-13C7-8484-4AC65E1B71E8}
		{86366A4B-7985-4871-BD3A-E1B6D7F02722} = {02EA681E-C7D8-13C7-8484-4AC65E1B71E8}
		{4C552A05-13ED-4BF7-A388-61E342275C71} = {02EA681E-C7D8-13C7-8484-4AC65E1B71E8}
		{220ACFB8-2A67-FE7C-B7DE-246D746B8C93} = {C5BAF309-818A-4059-BAFB-355BE1B3D4FA}
		{0702B99C-7BDC-B71F-0498-3E770C42EA6A} = {C5BAF309-818A-4059-BAFB-355BE1B3D4FA}
		{3C38128B-E195-4B2D-C481-27AE5D735A37} = {C5BAF309-818A-4059-BAFB-355BE1B3D4FA}
		{093632CA-1EAD-E024-E826-A0ACA86B3BC6} = {C5BAF309-818A-4059-BAFB-355BE1B3D4FA}
		{C5BAF309-818A-4059-BAFB-355BE1B3D4FA} = {827E0CD3-B72D-47B6-A68D-7590B98EB39B}
		{C96AC78A-1D78-4642-9F3A-E7EAC3898AD1} = {C5BAF309-818A-4059-BAFB-355BE1B3D4FA}
		{B8C16297-371E-4E8C-8B85-88A357F46D64} = {C5BAF309-818A-4059-BAFB-355BE1B3D4FA}
		{BA5FD51B-FB72-4851-834A-5CC43AEE2976} = {02EA681E-C7D8-13C7-8484-4AC65E1B71E8}
		{F4CFDEC2-E872-44FD-887C-C739A413FA2B} = {02EA681E-C7D8-13C7-8484-4AC65E1B71E8}
		{D4F67C3B-DB4B-4FE9-BE16-0BA6F2E373A6} = {02EA681E-C7D8-13C7-8484-4AC65E1B71E8}
		{49870A0F-E05B-4B4F-9780-6A67A8B5FE2C} = {02EA681E-C7D8-13C7-8484-4AC65E1B71E8}
	EndGlobalSection
	GlobalSection(ExtensibilityGlobals) = postSolution
		SolutionGuid = {FFF2CDE9-D0C6-4972-96B5-676A99E27D09}
	EndGlobalSection
EndGlobal
